
Microsoft Visual Studio Solution File, Format Version 12.00
# Visual Studio 2013
VisualStudioVersion = 12.0.21005.1
MinimumVisualStudioVersion = 10.0.40219.1
Project("{FAE04EC0-301F-11D3-BF4B-00C04F79EFBC}") = "com.boutique", "Studio\com.boutique.csproj", "{6C530F7D-D367-4B3F-9CC7-CB9C5A3BBFA0}"
EndProject
Project("{FAE04EC0-301F-11D3-BF4B-00C04F79EFBC}") = "com.boutique.Helper", "Studio.Helper\com.boutique.Helper.csproj", "{C0DFD980-7FAF-43E6-96E5-EEA26BC3F59D}"
EndProject
Project("{FAE04EC0-301F-11D3-BF4B-00C04F79EFBC}") = "com.boutique.GlobalResource", "Studio.GlobalResource\com.boutique.GlobalResource.csproj", "{91D72632-555B-4804-960D-E782B53F9520}"
EndProject
Project("{FAE04EC0-301F-11D3-BF4B-00C04F79EFBC}") = "com.boutique.CommonTypes", "Studio.CommonTypes\com.boutique.CommonTypes.csproj", "{653C261B-EEB6-4794-944F-991F0C691FFA}"
EndProject
Project("{FAE04EC0-301F-11D3-BF4B-00C04F79EFBC}") = "com.boutique.Model", "Studio.Model\com.boutique.Model.csproj", "{E8ABB532-0D73-4A17-922B-CDA5308830E2}"
EndProject
Project("{2150E333-8FDC-42A3-9474-1A3956D46DE8}") = "Framework", "Framework", "{6F430DDA-8473-4EA9-956A-AECAB6B33506}"
EndProject
Project("{FAE04EC0-301F-11D3-BF4B-00C04F79EFBC}") = "Repository", "Repository\Repository.csproj", "{CDB825B9-5335-4773-A5B6-ABB0B811D258}"
EndProject
Project("{FAE04EC0-301F-11D3-BF4B-00C04F79EFBC}") = "com.boutique.Data", "Studio.Data\com.boutique.Data.csproj", "{35ECC21F-8E15-42CF-B30B-AA25D79E58A0}"
EndProject
Project("{FAE04EC0-301F-11D3-BF4B-00C04F79EFBC}") = "com.boutique.Entity", "Studio.Entity\com.boutique.Entity.csproj", "{28B7D5BE-B354-4187-93A5-E280547734C9}"
EndProject
Project("{FAE04EC0-301F-11D3-BF4B-00C04F79EFBC}") = "com.boutique.Service", "Studio.Service\com.boutique.Service.csproj", "{76477250-8D5E-435A-B17B-28778D70E20B}"
EndProject
Project("{FAE04EC0-301F-11D3-BF4B-00C04F79EFBC}") = "DropDownCustomColorPicker", "DropDownCustomColorPicker\DropDownCustomColorPicker.csproj", "{FD2EC7D4-4316-4F8F-8108-8381F0B4B340}"
EndProject
Project("{FAE04EC0-301F-11D3-BF4B-00C04F79EFBC}") = "VisualPrint", "VisualPrint\VisualPrint.csproj", "{D239EFD3-2871-47FA-BE04-F13209FF2225}"
EndProject
Project("{FAE04EC0-301F-11D3-BF4B-00C04F79EFBC}") = "CapturedImages", "WebCam\CapturedImages.csproj", "{04C29FB8-E7D0-4FD5-8C3B-BB40C59F3B8C}"
EndProject
Project("{6141683F-8A12-4E36-9623-2EB02B2C2303}") = "com.boutique.InstallShield", "com.boutique.InstallShield\com.boutique.InstallShield.isproj", "{91935224-D4D7-4185-8E79-36B89A49DEA7}"
	ProjectSection(ProjectDependencies) = postProject
		{6C530F7D-D367-4B3F-9CC7-CB9C5A3BBFA0} = {6C530F7D-D367-4B3F-9CC7-CB9C5A3BBFA0}
	EndProjectSection
EndProject
Global
	GlobalSection(SolutionConfigurationPlatforms) = preSolution
		CD_ROM|Any CPU = CD_ROM|Any CPU
		Debug|Any CPU = Debug|Any CPU
		DVD-5|Any CPU = DVD-5|Any CPU
		Release|Any CPU = Release|Any CPU
		SingleImage|Any CPU = SingleImage|Any CPU
	EndGlobalSection
	GlobalSection(ProjectConfigurationPlatforms) = postSolution
		{6C530F7D-D367-4B3F-9CC7-CB9C5A3BBFA0}.CD_ROM|Any CPU.ActiveCfg = Release|Any CPU
		{6C530F7D-D367-4B3F-9CC7-CB9C5A3BBFA0}.CD_ROM|Any CPU.Build.0 = Release|Any CPU
		{6C530F7D-D367-4B3F-9CC7-CB9C5A3BBFA0}.Debug|Any CPU.ActiveCfg = Debug|Any CPU
		{6C530F7D-D367-4B3F-9CC7-CB9C5A3BBFA0}.Debug|Any CPU.Build.0 = Debug|Any CPU
		{6C530F7D-D367-4B3F-9CC7-CB9C5A3BBFA0}.DVD-5|Any CPU.ActiveCfg = Debug|Any CPU
		{6C530F7D-D367-4B3F-9CC7-CB9C5A3BBFA0}.DVD-5|Any CPU.Build.0 = Debug|Any CPU
		{6C530F7D-D367-4B3F-9CC7-CB9C5A3BBFA0}.Release|Any CPU.ActiveCfg = Release|Any CPU
		{6C530F7D-D367-4B3F-9CC7-CB9C5A3BBFA0}.Release|Any CPU.Build.0 = Release|Any CPU
		{6C530F7D-D367-4B3F-9CC7-CB9C5A3BBFA0}.SingleImage|Any CPU.ActiveCfg = Release|Any CPU
		{6C530F7D-D367-4B3F-9CC7-CB9C5A3BBFA0}.SingleImage|Any CPU.Build.0 = Release|Any CPU
		{C0DFD980-7FAF-43E6-96E5-EEA26BC3F59D}.CD_ROM|Any CPU.ActiveCfg = Release|Any CPU
		{C0DFD980-7FAF-43E6-96E5-EEA26BC3F59D}.CD_ROM|Any CPU.Build.0 = Release|Any CPU
		{C0DFD980-7FAF-43E6-96E5-EEA26BC3F59D}.Debug|Any CPU.ActiveCfg = Debug|Any CPU
		{C0DFD980-7FAF-43E6-96E5-EEA26BC3F59D}.Debug|Any CPU.Build.0 = Debug|Any CPU
		{C0DFD980-7FAF-43E6-96E5-EEA26BC3F59D}.DVD-5|Any CPU.ActiveCfg = Debug|Any CPU
		{C0DFD980-7FAF-43E6-96E5-EEA26BC3F59D}.DVD-5|Any CPU.Build.0 = Debug|Any CPU
		{C0DFD980-7FAF-43E6-96E5-EEA26BC3F59D}.Release|Any CPU.ActiveCfg = Release|Any CPU
		{C0DFD980-7FAF-43E6-96E5-EEA26BC3F59D}.Release|Any CPU.Build.0 = Release|Any CPU
		{C0DFD980-7FAF-43E6-96E5-EEA26BC3F59D}.SingleImage|Any CPU.ActiveCfg = Release|Any CPU
		{C0DFD980-7FAF-43E6-96E5-EEA26BC3F59D}.SingleImage|Any CPU.Build.0 = Release|Any CPU
		{91D72632-555B-4804-960D-E782B53F9520}.CD_ROM|Any CPU.ActiveCfg = Release|Any CPU
		{91D72632-555B-4804-960D-E782B53F9520}.CD_ROM|Any CPU.Build.0 = Release|Any CPU
		{91D72632-555B-4804-960D-E782B53F9520}.Debug|Any CPU.ActiveCfg = Debug|Any CPU
		{91D72632-555B-4804-960D-E782B53F9520}.Debug|Any CPU.Build.0 = Debug|Any CPU
		{91D72632-555B-4804-960D-E782B53F9520}.DVD-5|Any CPU.ActiveCfg = Debug|Any CPU
		{91D72632-555B-4804-960D-E782B53F9520}.DVD-5|Any CPU.Build.0 = Debug|Any CPU
		{91D72632-555B-4804-960D-E782B53F9520}.Release|Any CPU.ActiveCfg = Release|Any CPU
		{91D72632-555B-4804-960D-E782B53F9520}.Release|Any CPU.Build.0 = Release|Any CPU
		{91D72632-555B-4804-960D-E782B53F9520}.SingleImage|Any CPU.ActiveCfg = Release|Any CPU
		{91D72632-555B-4804-960D-E782B53F9520}.SingleImage|Any CPU.Build.0 = Release|Any CPU
		{653C261B-EEB6-4794-944F-991F0C691FFA}.CD_ROM|Any CPU.ActiveCfg = Release|Any CPU
		{653C261B-EEB6-4794-944F-991F0C691FFA}.CD_ROM|Any CPU.Build.0 = Release|Any CPU
		{653C261B-EEB6-4794-944F-991F0C691FFA}.Debug|Any CPU.ActiveCfg = Debug|Any CPU
		{653C261B-EEB6-4794-944F-991F0C691FFA}.Debug|Any CPU.Build.0 = Debug|Any CPU
		{653C261B-EEB6-4794-944F-991F0C691FFA}.DVD-5|Any CPU.ActiveCfg = Debug|Any CPU
		{653C261B-EEB6-4794-944F-991F0C691FFA}.DVD-5|Any CPU.Build.0 = Debug|Any CPU
		{653C261B-EEB6-4794-944F-991F0C691FFA}.Release|Any CPU.ActiveCfg = Release|Any CPU
		{653C261B-EEB6-4794-944F-991F0C691FFA}.Release|Any CPU.Build.0 = Release|Any CPU
		{653C261B-EEB6-4794-944F-991F0C691FFA}.SingleImage|Any CPU.ActiveCfg = Release|Any CPU
		{653C261B-EEB6-4794-944F-991F0C691FFA}.SingleImage|Any CPU.Build.0 = Release|Any CPU
		{E8ABB532-0D73-4A17-922B-CDA5308830E2}.CD_ROM|Any CPU.ActiveCfg = Release|Any CPU
		{E8ABB532-0D73-4A17-922B-CDA5308830E2}.CD_ROM|Any CPU.Build.0 = Release|Any CPU
		{E8ABB532-0D73-4A17-922B-CDA5308830E2}.Debug|Any CPU.ActiveCfg = Debug|Any CPU
		{E8ABB532-0D73-4A17-922B-CDA5308830E2}.Debug|Any CPU.Build.0 = Debug|Any CPU
		{E8ABB532-0D73-4A17-922B-CDA5308830E2}.DVD-5|Any CPU.ActiveCfg = Debug|Any CPU
		{E8ABB532-0D73-4A17-922B-CDA5308830E2}.DVD-5|Any CPU.Build.0 = Debug|Any CPU
		{E8ABB532-0D73-4A17-922B-CDA5308830E2}.Release|Any CPU.ActiveCfg = Release|Any CPU
		{E8ABB532-0D73-4A17-922B-CDA5308830E2}.Release|Any CPU.Build.0 = Release|Any CPU
		{E8ABB532-0D73-4A17-922B-CDA5308830E2}.SingleImage|Any CPU.ActiveCfg = Release|Any CPU
		{E8ABB532-0D73-4A17-922B-CDA5308830E2}.SingleImage|Any CPU.Build.0 = Release|Any CPU
		{CDB825B9-5335-4773-A5B6-ABB0B811D258}.CD_ROM|Any CPU.ActiveCfg = Release|Any CPU
		{CDB825B9-5335-4773-A5B6-ABB0B811D258}.CD_ROM|Any CPU.Build.0 = Release|Any CPU
		{CDB825B9-5335-4773-A5B6-ABB0B811D258}.Debug|Any CPU.ActiveCfg = Debug|Any CPU
		{CDB825B9-5335-4773-A5B6-ABB0B811D258}.Debug|Any CPU.Build.0 = Debug|Any CPU
		{CDB825B9-5335-4773-A5B6-ABB0B811D258}.DVD-5|Any CPU.ActiveCfg = Debug|Any CPU
		{CDB825B9-5335-4773-A5B6-ABB0B811D258}.DVD-5|Any CPU.Build.0 = Debug|Any CPU
		{CDB825B9-5335-4773-A5B6-ABB0B811D258}.Release|Any CPU.ActiveCfg = Release|Any CPU
		{CDB825B9-5335-4773-A5B6-ABB0B811D258}.Release|Any CPU.Build.0 = Release|Any CPU
		{CDB825B9-5335-4773-A5B6-ABB0B811D258}.SingleImage|Any CPU.ActiveCfg = Release|Any CPU
		{CDB825B9-5335-4773-A5B6-ABB0B811D258}.SingleImage|Any CPU.Build.0 = Release|Any CPU
		{35ECC21F-8E15-42CF-B30B-AA25D79E58A0}.CD_ROM|Any CPU.ActiveCfg = Release|Any CPU
		{35ECC21F-8E15-42CF-B30B-AA25D79E58A0}.CD_ROM|Any CPU.Build.0 = Release|Any CPU
		{35ECC21F-8E15-42CF-B30B-AA25D79E58A0}.Debug|Any CPU.ActiveCfg = Debug|Any CPU
		{35ECC21F-8E15-42CF-B30B-AA25D79E58A0}.Debug|Any CPU.Build.0 = Debug|Any CPU
		{35ECC21F-8E15-42CF-B30B-AA25D79E58A0}.DVD-5|Any CPU.ActiveCfg = Debug|Any CPU
		{35ECC21F-8E15-42CF-B30B-AA25D79E58A0}.DVD-5|Any CPU.Build.0 = Debug|Any CPU
		{35ECC21F-8E15-42CF-B30B-AA25D79E58A0}.Release|Any CPU.ActiveCfg = Release|Any CPU
		{35ECC21F-8E15-42CF-B30B-AA25D79E58A0}.Release|Any CPU.Build.0 = Release|Any CPU
		{35ECC21F-8E15-42CF-B30B-AA25D79E58A0}.SingleImage|Any CPU.ActiveCfg = Release|Any CPU
		{35ECC21F-8E15-42CF-B30B-AA25D79E58A0}.SingleImage|Any CPU.Build.0 = Release|Any CPU
		{28B7D5BE-B354-4187-93A5-E280547734C9}.CD_ROM|Any CPU.ActiveCfg = Release|Any CPU
		{28B7D5BE-B354-4187-93A5-E280547734C9}.CD_ROM|Any CPU.Build.0 = Release|Any CPU
		{28B7D5BE-B354-4187-93A5-E280547734C9}.Debug|Any CPU.ActiveCfg = Debug|Any CPU
		{28B7D5BE-B354-4187-93A5-E280547734C9}.Debug|Any CPU.Build.0 = Debug|Any CPU
		{28B7D5BE-B354-4187-93A5-E280547734C9}.DVD-5|Any CPU.ActiveCfg = Debug|Any CPU
		{28B7D5BE-B354-4187-93A5-E280547734C9}.DVD-5|Any CPU.Build.0 = Debug|Any CPU
		{28B7D5BE-B354-4187-93A5-E280547734C9}.Release|Any CPU.ActiveCfg = Release|Any CPU
		{28B7D5BE-B354-4187-93A5-E280547734C9}.Release|Any CPU.Build.0 = Release|Any CPU
		{28B7D5BE-B354-4187-93A5-E280547734C9}.SingleImage|Any CPU.ActiveCfg = Release|Any CPU
		{28B7D5BE-B354-4187-93A5-E280547734C9}.SingleImage|Any CPU.Build.0 = Release|Any CPU
		{76477250-8D5E-435A-B17B-28778D70E20B}.CD_ROM|Any CPU.ActiveCfg = Release|Any CPU
		{76477250-8D5E-435A-B17B-28778D70E20B}.CD_ROM|Any CPU.Build.0 = Release|Any CPU
		{76477250-8D5E-435A-B17B-28778D70E20B}.Debug|Any CPU.ActiveCfg = Debug|Any CPU
		{76477250-8D5E-435A-B17B-28778D70E20B}.Debug|Any CPU.Build.0 = Debug|Any CPU
		{76477250-8D5E-435A-B17B-28778D70E20B}.DVD-5|Any CPU.ActiveCfg = Debug|Any CPU
		{76477250-8D5E-435A-B17B-28778D70E20B}.DVD-5|Any CPU.Build.0 = Debug|Any CPU
		{76477250-8D5E-435A-B17B-28778D70E20B}.Release|Any CPU.ActiveCfg = Release|Any CPU
		{76477250-8D5E-435A-B17B-28778D70E20B}.Release|Any CPU.Build.0 = Release|Any CPU
		{76477250-8D5E-435A-B17B-28778D70E20B}.SingleImage|Any CPU.ActiveCfg = Release|Any CPU
		{76477250-8D5E-435A-B17B-28778D70E20B}.SingleImage|Any CPU.Build.0 = Release|Any CPU
		{FD2EC7D4-4316-4F8F-8108-8381F0B4B340}.CD_ROM|Any CPU.ActiveCfg = Release|Any CPU
		{FD2EC7D4-4316-4F8F-8108-8381F0B4B340}.CD_ROM|Any CPU.Build.0 = Release|Any CPU
		{FD2EC7D4-4316-4F8F-8108-8381F0B4B340}.Debug|Any CPU.ActiveCfg = Debug|Any CPU
		{FD2EC7D4-4316-4F8F-8108-8381F0B4B340}.Debug|Any CPU.Build.0 = Debug|Any CPU
		{FD2EC7D4-4316-4F8F-8108-8381F0B4B340}.DVD-5|Any CPU.ActiveCfg = Debug|Any CPU
		{FD2EC7D4-4316-4F8F-8108-8381F0B4B340}.DVD-5|Any CPU.Build.0 = Debug|Any CPU
		{FD2EC7D4-4316-4F8F-8108-8381F0B4B340}.Release|Any CPU.ActiveCfg = Release|Any CPU
		{FD2EC7D4-4316-4F8F-8108-8381F0B4B340}.Release|Any CPU.Build.0 = Release|Any CPU
		{FD2EC7D4-4316-4F8F-8108-8381F0B4B340}.SingleImage|Any CPU.ActiveCfg = Release|Any CPU
		{FD2EC7D4-4316-4F8F-8108-8381F0B4B340}.SingleImage|Any CPU.Build.0 = Release|Any CPU
		{D239EFD3-2871-47FA-BE04-F13209FF2225}.CD_ROM|Any CPU.ActiveCfg = Release|Any CPU
		{D239EFD3-2871-47FA-BE04-F13209FF2225}.CD_ROM|Any CPU.Build.0 = Release|Any CPU
		{D239EFD3-2871-47FA-BE04-F13209FF2225}.Debug|Any CPU.ActiveCfg = Debug|Any CPU
		{D239EFD3-2871-47FA-BE04-F13209FF2225}.Debug|Any CPU.Build.0 = Debug|Any CPU
		{D239EFD3-2871-47FA-BE04-F13209FF2225}.DVD-5|Any CPU.ActiveCfg = Debug|Any CPU
		{D239EFD3-2871-47FA-BE04-F13209FF2225}.DVD-5|Any CPU.Build.0 = Debug|Any CPU
		{D239EFD3-2871-47FA-BE04-F13209FF2225}.Release|Any CPU.ActiveCfg = Release|Any CPU
		{D239EFD3-2871-47FA-BE04-F13209FF2225}.Release|Any CPU.Build.0 = Release|Any CPU
		{D239EFD3-2871-47FA-BE04-F13209FF2225}.SingleImage|Any CPU.ActiveCfg = Release|Any CPU
		{D239EFD3-2871-47FA-BE04-F13209FF2225}.SingleImage|Any CPU.Build.0 = Release|Any CPU
		{04C29FB8-E7D0-4FD5-8C3B-BB40C59F3B8C}.CD_ROM|Any CPU.ActiveCfg = Release|Any CPU
		{04C29FB8-E7D0-4FD5-8C3B-BB40C59F3B8C}.CD_ROM|Any CPU.Build.0 = Release|Any CPU
		{04C29FB8-E7D0-4FD5-8C3B-BB40C59F3B8C}.Debug|Any CPU.ActiveCfg = Debug|Any CPU
		{04C29FB8-E7D0-4FD5-8C3B-BB40C59F3B8C}.Debug|Any CPU.Build.0 = Debug|Any CPU
		{04C29FB8-E7D0-4FD5-8C3B-BB40C59F3B8C}.DVD-5|Any CPU.ActiveCfg = Debug|Any CPU
		{04C29FB8-E7D0-4FD5-8C3B-BB40C59F3B8C}.DVD-5|Any CPU.Build.0 = Debug|Any CPU
		{04C29FB8-E7D0-4FD5-8C3B-BB40C59F3B8C}.Release|Any CPU.ActiveCfg = Release|Any CPU
		{04C29FB8-E7D0-4FD5-8C3B-BB40C59F3B8C}.Release|Any CPU.Build.0 = Release|Any CPU
		{04C29FB8-E7D0-4FD5-8C3B-BB40C59F3B8C}.SingleImage|Any CPU.ActiveCfg = Release|Any CPU
		{04C29FB8-E7D0-4FD5-8C3B-BB40C59F3B8C}.SingleImage|Any CPU.Build.0 = Release|Any CPU
		{91935224-D4D7-4185-8E79-36B89A49DEA7}.CD_ROM|Any CPU.ActiveCfg = CD_ROM
		{91935224-D4D7-4185-8E79-36B89A49DEA7}.CD_ROM|Any CPU.Build.0 = CD_ROM
		{91935224-D4D7-4185-8E79-36B89A49DEA7}.Debug|Any CPU.ActiveCfg = DVD-5
		{91935224-D4D7-4185-8E79-36B89A49DEA7}.Debug|Any CPU.Build.0 = DVD-5
		{91935224-D4D7-4185-8E79-36B89A49DEA7}.DVD-5|Any CPU.ActiveCfg = DVD-5
		{91935224-D4D7-4185-8E79-36B89A49DEA7}.DVD-5|Any CPU.Build.0 = DVD-5
		{91935224-D4D7-4185-8E79-36B89A49DEA7}.Release|Any CPU.ActiveCfg = SingleImage
		{91935224-D4D7-4185-8E79-36B89A49DEA7}.Release|Any CPU.Build.0 = SingleImage
		{91935224-D4D7-4185-8E79-36B89A49DEA7}.SingleImage|Any CPU.ActiveCfg = SingleImage
		{91935224-D4D7-4185-8E79-36B89A49DEA7}.SingleImage|Any CPU.Build.0 = SingleImage
	EndGlobalSection
	GlobalSection(SolutionProperties) = preSolution
		HideSolutionNode = FALSE
	EndGlobalSection
	GlobalSection(NestedProjects) = preSolution
		{CDB825B9-5335-4773-A5B6-ABB0B811D258} = {6F430DDA-8473-4EA9-956A-AECAB6B33506}
		{FD2EC7D4-4316-4F8F-8108-8381F0B4B340} = {6F430DDA-8473-4EA9-956A-AECAB6B33506}
		{D239EFD3-2871-47FA-BE04-F13209FF2225} = {6F430DDA-8473-4EA9-956A-AECAB6B33506}
		{04C29FB8-E7D0-4FD5-8C3B-BB40C59F3B8C} = {6F430DDA-8473-4EA9-956A-AECAB6B33506}
	EndGlobalSection
EndGlobal
